
Microsoft Visual Studio Solution File, Format Version 12.00
# Visual Studio Version 17
VisualStudioVersion = 17.1.32421.90
MinimumVisualStudioVersion = 10.0.40219.1
Project("{9A19103F-16F7-4668-BE54-9A1E7A4F7556}") = "lab06", "lab06\lab06.csproj", "{911D909B-6849-415F-B052-C187E6804856}"
EndProject
Global
	GlobalSection(SolutionConfigurationPlatforms) = preSolution
		Debug|Any CPU = Debug|Any CPU
		Release|Any CPU = Release|Any CPU
	EndGlobalSection
	GlobalSection(ProjectConfigurationPlatforms) = postSolution
		{911D909B-6849-415F-B052-C187E6804856}.Debug|Any CPU.ActiveCfg = Debug|Any CPU
		{911D909B-6849-415F-B052-C187E6804856}.Debug|Any CPU.Build.0 = Debug|Any CPU
		{911D909B-6849-415F-B052-C187E6804856}.Release|Any CPU.ActiveCfg = Release|Any CPU
		{911D909B-6849-415F-B052-C187E6804856}.Release|Any CPU.Build.0 = Release|Any CPU
	EndGlobalSection
	GlobalSection(SolutionProperties) = preSolution
		HideSolutionNode = FALSE
	EndGlobalSection
	GlobalSection(ExtensibilityGlobals) = postSolution
		SolutionGuid = {ADB3FB96-62CB-44A2-964C-26FAB14B0FA7}
	EndGlobalSection
EndGlobal
